
Microsoft Visual Studio Solution File, Format Version 12.00
# Visual Studio 15
VisualStudioVersion = 15.0.26124.0
MinimumVisualStudioVersion = 15.0.26124.0
Project("{FAE04EC0-301F-11D3-BF4B-00C04F79EFBC}") = "PaymentContext.Domain", "PaymentContext.Domain\PaymentContext.Domain.csproj", "{915D7A71-4783-4F53-A4FA-BFA9DF460476}"
EndProject
Project("{FAE04EC0-301F-11D3-BF4B-00C04F79EFBC}") = "PaymentContext.Shared", "PaymentContext.Shared\PaymentContext.Shared.csproj", "{3A9BCBEC-9F85-4025-81F9-57D17237C3E6}"
EndProject
Project("{FAE04EC0-301F-11D3-BF4B-00C04F79EFBC}") = "PaymentContext.Tests", "PaymentContext.Tests\PaymentContext.Tests.csproj", "{05ECF943-4342-4965-8E7A-96D9A4B9593D}"
EndProject
Global
	GlobalSection(SolutionConfigurationPlatforms) = preSolution
		Debug|Any CPU = Debug|Any CPU
		Debug|x64 = Debug|x64
		Debug|x86 = Debug|x86
		Release|Any CPU = Release|Any CPU
		Release|x64 = Release|x64
		Release|x86 = Release|x86
	EndGlobalSection
	GlobalSection(SolutionProperties) = preSolution
		HideSolutionNode = FALSE
	EndGlobalSection
	GlobalSection(ProjectConfigurationPlatforms) = postSolution
		{915D7A71-4783-4F53-A4FA-BFA9DF460476}.Debug|Any CPU.ActiveCfg = Debug|Any CPU
		{915D7A71-4783-4F53-A4FA-BFA9DF460476}.Debug|Any CPU.Build.0 = Debug|Any CPU
		{915D7A71-4783-4F53-A4FA-BFA9DF460476}.Debug|x64.ActiveCfg = Debug|x64
		{915D7A71-4783-4F53-A4FA-BFA9DF460476}.Debug|x64.Build.0 = Debug|x64
		{915D7A71-4783-4F53-A4FA-BFA9DF460476}.Debug|x86.ActiveCfg = Debug|x86
		{915D7A71-4783-4F53-A4FA-BFA9DF460476}.Debug|x86.Build.0 = Debug|x86
		{915D7A71-4783-4F53-A4FA-BFA9DF460476}.Release|Any CPU.ActiveCfg = Release|Any CPU
		{915D7A71-4783-4F53-A4FA-BFA9DF460476}.Release|Any CPU.Build.0 = Release|Any CPU
		{915D7A71-4783-4F53-A4FA-BFA9DF460476}.Release|x64.ActiveCfg = Release|x64
		{915D7A71-4783-4F53-A4FA-BFA9DF460476}.Release|x64.Build.0 = Release|x64
		{915D7A71-4783-4F53-A4FA-BFA9DF460476}.Release|x86.ActiveCfg = Release|x86
		{915D7A71-4783-4F53-A4FA-BFA9DF460476}.Release|x86.Build.0 = Release|x86
		{3A9BCBEC-9F85-4025-81F9-57D17237C3E6}.Debug|Any CPU.ActiveCfg = Debug|Any CPU
		{3A9BCBEC-9F85-4025-81F9-57D17237C3E6}.Debug|Any CPU.Build.0 = Debug|Any CPU
		{3A9BCBEC-9F85-4025-81F9-57D17237C3E6}.Debug|x64.ActiveCfg = Debug|x64
		{3A9BCBEC-9F85-4025-81F9-57D17237C3E6}.Debug|x64.Build.0 = Debug|x64
		{3A9BCBEC-9F85-4025-81F9-57D17237C3E6}.Debug|x86.ActiveCfg = Debug|x86
		{3A9BCBEC-9F85-4025-81F9-57D17237C3E6}.Debug|x86.Build.0 = Debug|x86
		{3A9BCBEC-9F85-4025-81F9-57D17237C3E6}.Release|Any CPU.ActiveCfg = Release|Any CPU
		{3A9BCBEC-9F85-4025-81F9-57D17237C3E6}.Release|Any CPU.Build.0 = Release|Any CPU
		{3A9BCBEC-9F85-4025-81F9-57D17237C3E6}.Release|x64.ActiveCfg = Release|x64
		{3A9BCBEC-9F85-4025-81F9-57D17237C3E6}.Release|x64.Build.0 = Release|x64
		{3A9BCBEC-9F85-4025-81F9-57D17237C3E6}.Release|x86.ActiveCfg = Release|x86
		{3A9BCBEC-9F85-4025-81F9-57D17237C3E6}.Release|x86.Build.0 = Release|x86
		{05ECF943-4342-4965-8E7A-96D9A4B9593D}.Debug|Any CPU.ActiveCfg = Debug|Any CPU
		{05ECF943-4342-4965-8E7A-96D9A4B9593D}.Debug|Any CPU.Build.0 = Debug|Any CPU
		{05ECF943-4342-4965-8E7A-96D9A4B9593D}.Debug|x64.ActiveCfg = Debug|x64
		{05ECF943-4342-4965-8E7A-96D9A4B9593D}.Debug|x64.Build.0 = Debug|x64
		{05ECF943-4342-4965-8E7A-96D9A4B9593D}.Debug|x86.ActiveCfg = Debug|x86
		{05ECF943-4342-4965-8E7A-96D9A4B9593D}.Debug|x86.Build.0 = Debug|x86
		{05ECF943-4342-4965-8E7A-96D9A4B9593D}.Release|Any CPU.ActiveCfg = Release|Any CPU
		{05ECF943-4342-4965-8E7A-96D9A4B9593D}.Release|Any CPU.Build.0 = Release|Any CPU
		{05ECF943-4342-4965-8E7A-96D9A4B9593D}.Release|x64.ActiveCfg = Release|x64
		{05ECF943-4342-4965-8E7A-96D9A4B9593D}.Release|x64.Build.0 = Release|x64
		{05ECF943-4342-4965-8E7A-96D9A4B9593D}.Release|x86.ActiveCfg = Release|x86
		{05ECF943-4342-4965-8E7A-96D9A4B9593D}.Release|x86.Build.0 = Release|x86
	EndGlobalSection
EndGlobal
